
Microsoft Visual Studio Solution File, Format Version 12.00
# Visual Studio Version 17
VisualStudioVersion = 17.1.32328.378
MinimumVisualStudioVersion = 10.0.40219.1
Project("{FAE04EC0-301F-11D3-BF4B-00C04F79EFBC}") = "Pattern MVC", "Pattern MVC\Pattern MVC.csproj", "{73404B1D-6010-4D68-BED0-F3448E28FCFA}"
EndProject
Global
	GlobalSection(SolutionConfigurationPlatforms) = preSolution
		Debug|Any CPU = Debug|Any CPU
		Release|Any CPU = Release|Any CPU
	EndGlobalSection
	GlobalSection(ProjectConfigurationPlatforms) = postSolution
		{73404B1D-6010-4D68-BED0-F3448E28FCFA}.Debug|Any CPU.ActiveCfg = Debug|Any CPU
		{73404B1D-6010-4D68-BED0-F3448E28FCFA}.Debug|Any CPU.Build.0 = Debug|Any CPU
		{73404B1D-6010-4D68-BED0-F3448E28FCFA}.Release|Any CPU.ActiveCfg = Release|Any CPU
		{73404B1D-6010-4D68-BED0-F3448E28FCFA}.Release|Any CPU.Build.0 = Release|Any CPU
	EndGlobalSection
	GlobalSection(SolutionProperties) = preSolution
		HideSolutionNode = FALSE
	EndGlobalSection
	GlobalSection(ExtensibilityGlobals) = postSolution
		SolutionGuid = {906F2D4D-2E23-4E23-A4D4-69AC45937FCE}
	EndGlobalSection
EndGlobal
